
Microsoft Visual Studio Solution File, Format Version 12.00
# Visual Studio Version 17
VisualStudioVersion = 17.3.32922.545
MinimumVisualStudioVersion = 10.0.40219.1
Project("{FAE04EC0-301F-11D3-BF4B-00C04F79EFBC}") = "StudentsReg", "StudentsReg\StudentsReg.csproj", "{76B9AAF8-C750-4667-80C4-840B35ED3CB6}"
EndProject
Global
	GlobalSection(SolutionConfigurationPlatforms) = preSolution
		Debug|Any CPU = Debug|Any CPU
		Release|Any CPU = Release|Any CPU
	EndGlobalSection
	GlobalSection(ProjectConfigurationPlatforms) = postSolution
		{76B9AAF8-C750-4667-80C4-840B35ED3CB6}.Debug|Any CPU.ActiveCfg = Debug|Any CPU
		{76B9AAF8-C750-4667-80C4-840B35ED3CB6}.Debug|Any CPU.Build.0 = Debug|Any CPU
		{76B9AAF8-C750-4667-80C4-840B35ED3CB6}.Release|Any CPU.ActiveCfg = Release|Any CPU
		{76B9AAF8-C750-4667-80C4-840B35ED3CB6}.Release|Any CPU.Build.0 = Release|Any CPU
	EndGlobalSection
	GlobalSection(SolutionProperties) = preSolution
		HideSolutionNode = FALSE
	EndGlobalSection
	GlobalSection(ExtensibilityGlobals) = postSolution
		SolutionGuid = {79115561-13E3-4173-84F8-368EA328FA45}
	EndGlobalSection
EndGlobal
